# Written by launcher/tools/bake/bake.py: the bytes made for each bake's key. Do not edit.

[[bake]]
output = "capybara.capybara.mesh"
source = "launcher/demo/capybara/capybara.scene.toml"
key = "43e8a2995f168d64879b5ebbb16b1d5289980566d4bdc39ae40e174fcad68207"
sha256 = "9024a2f573fdc2a0435c095cdf0ccd4b695b97d266abe512467e33157ae848b8"
size = 15872
run = 38062931735
host = "Linux x86_64"

[[bake]]
output = "capybara.glb"
source = "launcher/demo/capybara/capybara.import.toml"
key = "b9bea814615f88b18b82547d547132ffd95ef82acc48e6442ee87a4439bca5f0"
sha256 = "bbbb63e802570a6b421c9fe3f96390c672e613183cf921158efea45c96a534c8"
size = 343012
seeded = true

[[bake]]
output = "capybara.meadow.mesh"
source = "launcher/demo/capybara/capybara.scene.toml"
key = "7adafb502b146adfffb4cc91938988d1e5bf86c128796a8033259e4406fabcf5"
sha256 = "0c85de53dc72593a9f3aceedc7c6bbf26a54618c2ac4bcfeaebafac119f701a7"
size = 132
run = 38062931735
host = "Linux x86_64"

[[bake]]
output = "sponza.atrium.mesh"
source = "launcher/demo/sponza/sponza.scene.toml"
key = "c4a1905d2ffcce7571922176426543f3d8749cfe3480ca589f5cc6627f2ba2c4"
sha256 = "649d221759b9424a8f52260088ec7ceb25e3b6a808ff2fd15a041e396311b0ef"
size = 264924
run = 38062931735
host = "Linux x86_64"

[[bake]]
output = "sponza.atrium_fitted.mesh"
source = "launcher/demo/sponza/sponza.scene.toml"
key = "b58c6fe0a7c47369006b3ddaf4691edce4404b8df130988e0d3a3b6620ab37c5"
sha256 = "5bb8c67c30034e8cd2a5971de313a10f266776a740099e28f6a720aff9102b57"
size = 143768
run = 38065210608
host = "Linux x86_64"

[[bake]]
output = "sponza.atrium_fitted.start.mesh"
source = "launcher/demo/sponza/sponza.scene.toml"
key = "955f89039fb0b9661f4127fccbfe56257d06f23a73c500b938d8c43f3075bb91"
sha256 = "d41c3138102796c8b32209b4c4a5cd3a700decfdc89215bfff448e0077c3c133"
size = 160408
run = 38062931735
host = "Linux x86_64"

[[bake]]
output = "sponza.atrium_fitted_full.mesh"
source = "launcher/demo/sponza/sponza.scene.toml"
key = "088334aa9a7253a5487e6d89a6f1f99eecf3c75e2627ca64711b7acc2c51478f"
sha256 = "55f4806a9a6b3b7906a2e1edc8abbd5798b751e33ab65230f53991cb15e2d2c8"
size = 278360
run = 38065210608
host = "Linux x86_64"

[[bake]]
output = "sponza.atrium_fitted_full.start.mesh"
source = "launcher/demo/sponza/sponza.scene.toml"
key = "f066840524be5ce2f974436dc4363ef09e5be904acd36f2b8d112d8d8069edd5"
sha256 = "e72b3f8f92aae6d49dfd93e49ef98c15b3e7d947f5edb886fb894e009ff551e6"
size = 312704
run = 38062931735
host = "Linux x86_64"

[[bake]]
output = "sponza.atrium_flat.mesh"
source = "launcher/demo/sponza/sponza.scene.toml"
key = "5fd999cabc9611f961b2bd7ffb9aae131a8ccf0bc34a9613b8145c4f2808545d"
sha256 = "029bd72c6a4c9c41ae562540fa098303e81dc1e6d28230b197cfd035cd1b10f8"
size = 243452
run = 38062931735
host = "Linux x86_64"

[[bake]]
output = "sponza.atrium_flat_fitted.mesh"
source = "launcher/demo/sponza/sponza.scene.toml"
key = "fa18b44d5af1bad8f2fe9bd72b27e83a27b1fb2da1c894133619d2be5fb99ac3"
sha256 = "d84665e9f76e14b3887e14c0fa2705c39111ac07a70a088fd8b11826c0f019e0"
size = 250864
run = 38065210608
host = "Linux x86_64"

[[bake]]
output = "sponza.atrium_flat_fitted.start.mesh"
source = "launcher/demo/sponza/sponza.scene.toml"
key = "4ceac21593d8ebaa8add5daa2ef0a3e0d4861f07a7dc722a678e8eba430b35fe"
sha256 = "9c7ac61ce87ea700bd199d8e1f87e96cf0f6a17835335261e5080c0714065955"
size = 285732
run = 38062931735
host = "Linux x86_64"

[[bake]]
output = "sponza.atrium_lite.mesh"
source = "launcher/demo/sponza/sponza.scene.toml"
key = "287f75172c7fb42f0bebdb2f386cc9fbe3869e5b5d07d4b926c6aab4345495c6"
sha256 = "39b51af4e1a6e241d1b5d9518132497f63dde80f14530c7fbf8c7e825bf5b7e5"
size = 130140
run = 38062931735
host = "Linux x86_64"
